
Microsoft Visual Studio Solution File, Format Version 12.00
# Visual Studio 14
VisualStudioVersion = 14.0.23107.0
MinimumVisualStudioVersion = 10.0.40219.1
Project("{8BC9CEB8-8B4A-11D0-8D11-00A0C91BC942}") = "Problem004", "Problem004\Problem004.vcxproj", "{66F80396-2E2D-4651-8DC4-FAEBE4EEDBCD}"
EndProject
Project("{8BC9CEB8-8B4A-11D0-8D11-00A0C91BC942}") = "Problem005", "Problem005\Problem005.vcxproj", "{559582AF-A378-47A6-ABBA-BF86C7D5CB95}"
EndProject
Project("{8BC9CEB8-8B4A-11D0-8D11-00A0C91BC942}") = "Problem006", "Problem006\Problem006.vcxproj", "{E2E1B3BB-1224-41A7-92E3-41E37D9F4950}"
EndProject
Project("{8BC9CEB8-8B4A-11D0-8D11-00A0C91BC942}") = "Problem007", "Problem007\Problem007.vcxproj", "{C6F8F788-4826-42C5-8AB0-9B854167EAAC}"
EndProject
Project("{8BC9CEB8-8B4A-11D0-8D11-00A0C91BC942}") = "shared", "shared\shared.vcxproj", "{051B5F00-34BA-417E-8AC8-9F2B2144ECF3}"
EndProject
Project("{8BC9CEB8-8B4A-11D0-8D11-00A0C91BC942}") = "Problem008", "Problem008\Problem008.vcxproj", "{84DF6404-2B59-481C-B1C9-967DBFB334A1}"
EndProject
Project("{8BC9CEB8-8B4A-11D0-8D11-00A0C91BC942}") = "Problem009", "Problem009\Problem009.vcxproj", "{B4B8254A-104A-4AF8-A2BA-0A1C3E159BF0}"
EndProject
Project("{8BC9CEB8-8B4A-11D0-8D11-00A0C91BC942}") = "Problem010", "Problem010\Problem010.vcxproj", "{7F2148EA-3D9F-49A5-B596-B188C7B2095B}"
EndProject
Project("{8BC9CEB8-8B4A-11D0-8D11-00A0C91BC942}") = "Problem011", "Problem011\Problem011.vcxproj", "{903868AE-8B50-4419-8D45-EECC573315A5}"
EndProject
Project("{8BC9CEB8-8B4A-11D0-8D11-00A0C91BC942}") = "Problem012", "Problem012\Problem012.vcxproj", "{7A1E39A8-5FD3-432F-BB73-2E1134174032}"
EndProject
Project("{8BC9CEB8-8B4A-11D0-8D11-00A0C91BC942}") = "Problem013", "Problem013\Problem013.vcxproj", "{D1D8314C-0B5C-4A2E-A181-C9FB6927DC7A}"
EndProject
Project("{8BC9CEB8-8B4A-11D0-8D11-00A0C91BC942}") = "Problem014", "Problem014\Problem014.vcxproj", "{0769F68F-6E51-4FFD-8763-957C00507D54}"
EndProject
Project("{8BC9CEB8-8B4A-11D0-8D11-00A0C91BC942}") = "Problem015", "Problem015\Problem015.vcxproj", "{8F90111B-4584-482B-9E7C-03FCA89FAEF3}"
EndProject
Project("{8BC9CEB8-8B4A-11D0-8D11-00A0C91BC942}") = "UnitTests", "UnitTests\UnitTests.vcxproj", "{8F9926B9-618C-465C-9DD9-4F8C99BBD6BF}"
EndProject
Project("{8BC9CEB8-8B4A-11D0-8D11-00A0C91BC942}") = "Problem016", "Problem016\Problem016.vcxproj", "{1533F247-AC07-4F8D-BA4E-6AABBDFF3401}"
EndProject
Project("{8BC9CEB8-8B4A-11D0-8D11-00A0C91BC942}") = "Problem017", "Problem017\Problem017.vcxproj", "{61CAD103-7FC7-44B0-8561-2CB8EDAD767E}"
EndProject
Project("{8BC9CEB8-8B4A-11D0-8D11-00A0C91BC942}") = "Problem018", "Problem018\Problem018.vcxproj", "{CE06B3FD-713E-4876-8178-B27ECC98D063}"
EndProject
Project("{8BC9CEB8-8B4A-11D0-8D11-00A0C91BC942}") = "Problem019", "Problem019\Problem019.vcxproj", "{70AEE842-EDED-4BF3-8346-32B1AFCAA079}"
EndProject
Project("{8BC9CEB8-8B4A-11D0-8D11-00A0C91BC942}") = "Problem020", "Problem020\Problem020.vcxproj", "{BC79A428-8BF6-42F8-8F96-B54A76C68CAB}"
EndProject
Project("{8BC9CEB8-8B4A-11D0-8D11-00A0C91BC942}") = "Problem021", "Problem021\Problem021.vcxproj", "{867EDDBD-8E60-4786-B135-ADD56312552F}"
EndProject
Project("{8BC9CEB8-8B4A-11D0-8D11-00A0C91BC942}") = "Problem022", "Problem022\Problem022.vcxproj", "{9DB7BA4B-ADEB-4A35-A4AF-2A110498B345}"
EndProject
Project("{8BC9CEB8-8B4A-11D0-8D11-00A0C91BC942}") = "Problem023", "Problem023\Problem023.vcxproj", "{CDBA2087-2AAF-4E5B-89EB-4996169CDD5F}"
EndProject
Project("{2150E333-8FDC-42A3-9474-1A3956D46DE8}") = "001 - 001", "001 - 001", "{40D456B2-CC37-42DD-8046-5E47FDF5648A}"
EndProject
Project("{2150E333-8FDC-42A3-9474-1A3956D46DE8}") = "011 - 020", "011 - 020", "{65EE93A0-1BE3-493C-97BE-CAC3C7484B13}"
EndProject
Project("{2150E333-8FDC-42A3-9474-1A3956D46DE8}") = "021 - 030", "021 - 030", "{F26AB6A9-CDC8-4F49-B986-0B43608F20E9}"
EndProject
Project("{8BC9CEB8-8B4A-11D0-8D11-00A0C91BC942}") = "Problem024", "Problem024\Problem024.vcxproj", "{51AB6560-01B8-4E06-ADB8-8DCBFD8CED1E}"
EndProject
Project("{8BC9CEB8-8B4A-11D0-8D11-00A0C91BC942}") = "Problem025", "Problem025\Problem025.vcxproj", "{25B692E1-02AC-4DA4-8A0E-7C3FC21E05CD}"
EndProject
Project("{8BC9CEB8-8B4A-11D0-8D11-00A0C91BC942}") = "Problem026", "Problem026\Problem026.vcxproj", "{5E488690-A7C3-4AC0-988C-F21224E98C5A}"
EndProject
Project("{8BC9CEB8-8B4A-11D0-8D11-00A0C91BC942}") = "Problem001", "Problem001\Problem001.vcxproj", "{9D3D5173-EC62-4811-8386-BE88B6E7C24B}"
EndProject
Project("{8BC9CEB8-8B4A-11D0-8D11-00A0C91BC942}") = "Problem002", "Problem002\Problem002.vcxproj", "{88ADC3BE-9582-46A9-9950-F407B97DE182}"
EndProject
Project("{8BC9CEB8-8B4A-11D0-8D11-00A0C91BC942}") = "Problem003", "Problem003\Problem003.vcxproj", "{057446CE-BF26-49B5-8EED-AD75A4144AAE}"
EndProject
Project("{8BC9CEB8-8B4A-11D0-8D11-00A0C91BC942}") = "Problem027", "Problem027\Problem027.vcxproj", "{9FC9D237-11A1-4B62-9B3D-69CD59E01F90}"
EndProject
Project("{8BC9CEB8-8B4A-11D0-8D11-00A0C91BC942}") = "Problem028", "Problem028\Problem028.vcxproj", "{21206E1F-EBB9-459F-8E03-30D496D3F95C}"
EndProject
Project("{8BC9CEB8-8B4A-11D0-8D11-00A0C91BC942}") = "Problem029", "Problem029\Problem029.vcxproj", "{D5AD6848-1B26-4528-AD38-CA75873165BE}"
EndProject
Project("{8BC9CEB8-8B4A-11D0-8D11-00A0C91BC942}") = "Problem030", "Problem030\Problem030.vcxproj", "{7453EBB1-7FFF-49E9-9747-DCF16490B108}"
EndProject
Project("{2150E333-8FDC-42A3-9474-1A3956D46DE8}") = "031 - 040", "031 - 040", "{DCCCCEAB-CA60-4AB0-87B8-2EE39BE0137F}"
EndProject
Project("{8BC9CEB8-8B4A-11D0-8D11-00A0C91BC942}") = "Problem031", "Problem031\Problem031.vcxproj", "{0EA904A3-098E-45EA-8DF6-9F9AF5A0AB7A}"
EndProject
Project("{8BC9CEB8-8B4A-11D0-8D11-00A0C91BC942}") = "Problem032", "Problem032\Problem032.vcxproj", "{547A47A0-F8AF-4E00-BE31-ADDE317603D0}"
EndProject
Project("{8BC9CEB8-8B4A-11D0-8D11-00A0C91BC942}") = "Problem033", "Problem033\Problem033.vcxproj", "{D132BE5A-7159-4899-B1A4-CDC56C6176AF}"
EndProject
Project("{8BC9CEB8-8B4A-11D0-8D11-00A0C91BC942}") = "Problem034", "Problem034\Problem034.vcxproj", "{019D6EDF-0DB0-4C63-9D28-342610A535D1}"
EndProject
Project("{8BC9CEB8-8B4A-11D0-8D11-00A0C91BC942}") = "Problem035", "Problem035\Problem035.vcxproj", "{F3173B1B-DEEB-452A-AB32-616161B7C15C}"
EndProject
Project("{8BC9CEB8-8B4A-11D0-8D11-00A0C91BC942}") = "Problem036", "Problem036\Problem036.vcxproj", "{C50F5F38-8F97-4915-9CEB-E7E9A3A999A2}"
EndProject
Project("{8BC9CEB8-8B4A-11D0-8D11-00A0C91BC942}") = "Problem037", "Problem037\Problem037.vcxproj", "{A7915B2B-BD03-430E-A24B-F8AF77B8C5BD}"
EndProject
Project("{8BC9CEB8-8B4A-11D0-8D11-00A0C91BC942}") = "Problem038", "Problem038\Problem038.vcxproj", "{0A35278C-6501-4F0A-A874-6AE1EFE7EAF4}"
EndProject
Project("{8BC9CEB8-8B4A-11D0-8D11-00A0C91BC942}") = "Problem039", "Problem039\Problem039.vcxproj", "{90BB134A-D1E0-4B06-94BB-93B92F91A9C4}"
EndProject
Project("{8BC9CEB8-8B4A-11D0-8D11-00A0C91BC942}") = "Problem040", "Problem040\Problem040.vcxproj", "{7F002538-296F-4329-886F-5B47EE7C093E}"
EndProject
Project("{2150E333-8FDC-42A3-9474-1A3956D46DE8}") = "041 - 050", "041 - 050", "{91D5F6D8-5D2F-4955-BC98-3BFE4EDF0AF0}"
EndProject
Project("{8BC9CEB8-8B4A-11D0-8D11-00A0C91BC942}") = "Problem041", "Problem041\Problem041.vcxproj", "{DDA71AB7-0443-4622-B377-02E227B327FC}"
EndProject
Project("{8BC9CEB8-8B4A-11D0-8D11-00A0C91BC942}") = "Problem042", "Problem042\Problem042.vcxproj", "{C88FD750-E9E5-40D1-96B0-EDF5C9B7F28C}"
EndProject
Project("{8BC9CEB8-8B4A-11D0-8D11-00A0C91BC942}") = "Problem043", "Problem043\Problem043.vcxproj", "{3A413499-635B-455C-AF6B-5B1DE87615DD}"
EndProject
Project("{8BC9CEB8-8B4A-11D0-8D11-00A0C91BC942}") = "Problem044", "Problem044\Problem044.vcxproj", "{F727C290-1E13-4FC4-8EB7-262A89AF3251}"
EndProject
Project("{8BC9CEB8-8B4A-11D0-8D11-00A0C91BC942}") = "Problem045", "Problem045\Problem045.vcxproj", "{69180EC4-1DB0-4448-813E-D3C9D3E0E11B}"
EndProject
Project("{8BC9CEB8-8B4A-11D0-8D11-00A0C91BC942}") = "Problem046", "Problem046\Problem046.vcxproj", "{67BB5BCA-7CDD-49C6-907B-A5EDA16E3472}"
EndProject
Project("{8BC9CEB8-8B4A-11D0-8D11-00A0C91BC942}") = "Problem047", "Problem047\Problem047.vcxproj", "{0C183A06-D39F-4794-BABD-5A4901E3B286}"
EndProject
Project("{8BC9CEB8-8B4A-11D0-8D11-00A0C91BC942}") = "Problem048", "Problem048\Problem048.vcxproj", "{A41DD53C-4ACA-44EF-9F5B-A783EAAEB928}"
EndProject
Project("{8BC9CEB8-8B4A-11D0-8D11-00A0C91BC942}") = "Problem049", "Problem049\Problem049.vcxproj", "{09686226-888A-415B-BA5F-56D004F1986D}"
EndProject
Project("{8BC9CEB8-8B4A-11D0-8D11-00A0C91BC942}") = "Problem050", "Problem050\Problem050.vcxproj", "{C16C7D9E-BC8A-4121-9E52-792968A69758}"
EndProject
Project("{2150E333-8FDC-42A3-9474-1A3956D46DE8}") = "051 - 060", "051 - 060", "{0D7F41FE-77F2-49B8-935F-BCD369CA593B}"
EndProject
Project("{8BC9CEB8-8B4A-11D0-8D11-00A0C91BC942}") = "Problem051", "Problem051\Problem051.vcxproj", "{91CA01B0-FBF7-4F53-9576-F1A046CCFDD0}"
EndProject
Project("{8BC9CEB8-8B4A-11D0-8D11-00A0C91BC942}") = "Problem052", "Problem052\Problem052.vcxproj", "{32D86C36-91F2-4651-9926-058BB285D7C2}"
EndProject
Project("{8BC9CEB8-8B4A-11D0-8D11-00A0C91BC942}") = "Problem053", "Problem053\Problem053.vcxproj", "{51E67B5F-BF95-436C-BEC3-CD40B6884B22}"
EndProject
Project("{8BC9CEB8-8B4A-11D0-8D11-00A0C91BC942}") = "Problem054", "Problem054\Problem054.vcxproj", "{34169458-597B-42BB-BF7B-82D37E5D1482}"
EndProject
Project("{8BC9CEB8-8B4A-11D0-8D11-00A0C91BC942}") = "Problem055", "Problem055\Problem055.vcxproj", "{7DAEFBF4-68C3-443F-85FC-2A7BD19C2344}"
EndProject
Project("{8BC9CEB8-8B4A-11D0-8D11-00A0C91BC942}") = "Problem056", "Problem056\Problem056.vcxproj", "{8B768470-DFB0-4947-9CBC-E05054CFD7C3}"
EndProject
Global
	GlobalSection(SolutionConfigurationPlatforms) = preSolution
		Debug|Win32 = Debug|Win32
		Debug|x64 = Debug|x64
		Release|Win32 = Release|Win32
		Release|x64 = Release|x64
	EndGlobalSection
	GlobalSection(ProjectConfigurationPlatforms) = postSolution
		{66F80396-2E2D-4651-8DC4-FAEBE4EEDBCD}.Debug|Win32.ActiveCfg = Debug|Win32
		{66F80396-2E2D-4651-8DC4-FAEBE4EEDBCD}.Debug|Win32.Build.0 = Debug|Win32
		{66F80396-2E2D-4651-8DC4-FAEBE4EEDBCD}.Debug|x64.ActiveCfg = Debug|x64
		{66F80396-2E2D-4651-8DC4-FAEBE4EEDBCD}.Debug|x64.Build.0 = Debug|x64
		{66F80396-2E2D-4651-8DC4-FAEBE4EEDBCD}.Release|Win32.ActiveCfg = Release|Win32
		{66F80396-2E2D-4651-8DC4-FAEBE4EEDBCD}.Release|Win32.Build.0 = Release|Win32
		{66F80396-2E2D-4651-8DC4-FAEBE4EEDBCD}.Release|x64.ActiveCfg = Release|x64
		{66F80396-2E2D-4651-8DC4-FAEBE4EEDBCD}.Release|x64.Build.0 = Release|x64
		{559582AF-A378-47A6-ABBA-BF86C7D5CB95}.Debug|Win32.ActiveCfg = Debug|Win32
		{559582AF-A378-47A6-ABBA-BF86C7D5CB95}.Debug|Win32.Build.0 = Debug|Win32
		{559582AF-A378-47A6-ABBA-BF86C7D5CB95}.Debug|x64.ActiveCfg = Debug|x64
		{559582AF-A378-47A6-ABBA-BF86C7D5CB95}.Debug|x64.Build.0 = Debug|x64
		{559582AF-A378-47A6-ABBA-BF86C7D5CB95}.Release|Win32.ActiveCfg = Release|Win32
		{559582AF-A378-47A6-ABBA-BF86C7D5CB95}.Release|Win32.Build.0 = Release|Win32
		{559582AF-A378-47A6-ABBA-BF86C7D5CB95}.Release|x64.ActiveCfg = Release|x64
		{559582AF-A378-47A6-ABBA-BF86C7D5CB95}.Release|x64.Build.0 = Release|x64
		{E2E1B3BB-1224-41A7-92E3-41E37D9F4950}.Debug|Win32.ActiveCfg = Debug|Win32
		{E2E1B3BB-1224-41A7-92E3-41E37D9F4950}.Debug|Win32.Build.0 = Debug|Win32
		{E2E1B3BB-1224-41A7-92E3-41E37D9F4950}.Debug|x64.ActiveCfg = Debug|x64
		{E2E1B3BB-1224-41A7-92E3-41E37D9F4950}.Debug|x64.Build.0 = Debug|x64
		{E2E1B3BB-1224-41A7-92E3-41E37D9F4950}.Release|Win32.ActiveCfg = Release|Win32
		{E2E1B3BB-1224-41A7-92E3-41E37D9F4950}.Release|Win32.Build.0 = Release|Win32
		{E2E1B3BB-1224-41A7-92E3-41E37D9F4950}.Release|x64.ActiveCfg = Release|x64
		{E2E1B3BB-1224-41A7-92E3-41E37D9F4950}.Release|x64.Build.0 = Release|x64
		{C6F8F788-4826-42C5-8AB0-9B854167EAAC}.Debug|Win32.ActiveCfg = Debug|Win32
		{C6F8F788-4826-42C5-8AB0-9B854167EAAC}.Debug|Win32.Build.0 = Debug|Win32
		{C6F8F788-4826-42C5-8AB0-9B854167EAAC}.Debug|x64.ActiveCfg = Debug|x64
		{C6F8F788-4826-42C5-8AB0-9B854167EAAC}.Debug|x64.Build.0 = Debug|x64
		{C6F8F788-4826-42C5-8AB0-9B854167EAAC}.Release|Win32.ActiveCfg = Release|Win32
		{C6F8F788-4826-42C5-8AB0-9B854167EAAC}.Release|Win32.Build.0 = Release|Win32
		{C6F8F788-4826-42C5-8AB0-9B854167EAAC}.Release|x64.ActiveCfg = Release|x64
		{C6F8F788-4826-42C5-8AB0-9B854167EAAC}.Release|x64.Build.0 = Release|x64
		{051B5F00-34BA-417E-8AC8-9F2B2144ECF3}.Debug|Win32.ActiveCfg = Debug|Win32
		{051B5F00-34BA-417E-8AC8-9F2B2144ECF3}.Debug|Win32.Build.0 = Debug|Win32
		{051B5F00-34BA-417E-8AC8-9F2B2144ECF3}.Debug|x64.ActiveCfg = Debug|x64
		{051B5F00-34BA-417E-8AC8-9F2B2144ECF3}.Debug|x64.Build.0 = Debug|x64
		{051B5F00-34BA-417E-8AC8-9F2B2144ECF3}.Release|Win32.ActiveCfg = Release|Win32
		{051B5F00-34BA-417E-8AC8-9F2B2144ECF3}.Release|Win32.Build.0 = Release|Win32
		{051B5F00-34BA-417E-8AC8-9F2B2144ECF3}.Release|x64.ActiveCfg = Release|x64
		{051B5F00-34BA-417E-8AC8-9F2B2144ECF3}.Release|x64.Build.0 = Release|x64
		{84DF6404-2B59-481C-B1C9-967DBFB334A1}.Debug|Win32.ActiveCfg = Debug|Win32
		{84DF6404-2B59-481C-B1C9-967DBFB334A1}.Debug|Win32.Build.0 = Debug|Win32
		{84DF6404-2B59-481C-B1C9-967DBFB334A1}.Debug|x64.ActiveCfg = Debug|x64
		{84DF6404-2B59-481C-B1C9-967DBFB334A1}.Debug|x64.Build.0 = Debug|x64
		{84DF6404-2B59-481C-B1C9-967DBFB334A1}.Release|Win32.ActiveCfg = Release|Win32
		{84DF6404-2B59-481C-B1C9-967DBFB334A1}.Release|Win32.Build.0 = Release|Win32
		{84DF6404-2B59-481C-B1C9-967DBFB334A1}.Release|x64.ActiveCfg = Release|x64
		{84DF6404-2B59-481C-B1C9-967DBFB334A1}.Release|x64.Build.0 = Release|x64
		{B4B8254A-104A-4AF8-A2BA-0A1C3E159BF0}.Debug|Win32.ActiveCfg = Debug|Win32
		{B4B8254A-104A-4AF8-A2BA-0A1C3E159BF0}.Debug|Win32.Build.0 = Debug|Win32
		{B4B8254A-104A-4AF8-A2BA-0A1C3E159BF0}.Debug|x64.ActiveCfg = Debug|x64
		{B4B8254A-104A-4AF8-A2BA-0A1C3E159BF0}.Debug|x64.Build.0 = Debug|x64
		{B4B8254A-104A-4AF8-A2BA-0A1C3E159BF0}.Release|Win32.ActiveCfg = Release|Win32
		{B4B8254A-104A-4AF8-A2BA-0A1C3E159BF0}.Release|Win32.Build.0 = Release|Win32
		{B4B8254A-104A-4AF8-A2BA-0A1C3E159BF0}.Release|x64.ActiveCfg = Release|x64
		{B4B8254A-104A-4AF8-A2BA-0A1C3E159BF0}.Release|x64.Build.0 = Release|x64
		{7F2148EA-3D9F-49A5-B596-B188C7B2095B}.Debug|Win32.ActiveCfg = Debug|Win32
		{7F2148EA-3D9F-49A5-B596-B188C7B2095B}.Debug|Win32.Build.0 = Debug|Win32
		{7F2148EA-3D9F-49A5-B596-B188C7B2095B}.Debug|x64.ActiveCfg = Debug|x64
		{7F2148EA-3D9F-49A5-B596-B188C7B2095B}.Debug|x64.Build.0 = Debug|x64
		{7F2148EA-3D9F-49A5-B596-B188C7B2095B}.Release|Win32.ActiveCfg = Release|Win32
		{7F2148EA-3D9F-49A5-B596-B188C7B2095B}.Release|Win32.Build.0 = Release|Win32
		{7F2148EA-3D9F-49A5-B596-B188C7B2095B}.Release|x64.ActiveCfg = Release|x64
		{7F2148EA-3D9F-49A5-B596-B188C7B2095B}.Release|x64.Build.0 = Release|x64
		{903868AE-8B50-4419-8D45-EECC573315A5}.Debug|Win32.ActiveCfg = Debug|Win32
		{903868AE-8B50-4419-8D45-EECC573315A5}.Debug|Win32.Build.0 = Debug|Win32
		{903868AE-8B50-4419-8D45-EECC573315A5}.Debug|x64.ActiveCfg = Debug|x64
		{903868AE-8B50-4419-8D45-EECC573315A5}.Debug|x64.Build.0 = Debug|x64
		{903868AE-8B50-4419-8D45-EECC573315A5}.Release|Win32.ActiveCfg = Release|Win32
		{903868AE-8B50-4419-8D45-EECC573315A5}.Release|Win32.Build.0 = Release|Win32
		{903868AE-8B50-4419-8D45-EECC573315A5}.Release|x64.ActiveCfg = Release|x64
		{903868AE-8B50-4419-8D45-EECC573315A5}.Release|x64.Build.0 = Release|x64
		{7A1E39A8-5FD3-432F-BB73-2E1134174032}.Debug|Win32.ActiveCfg = Debug|Win32
		{7A1E39A8-5FD3-432F-BB73-2E1134174032}.Debug|Win32.Build.0 = Debug|Win32
		{7A1E39A8-5FD3-432F-BB73-2E1134174032}.Debug|x64.ActiveCfg = Debug|x64
		{7A1E39A8-5FD3-432F-BB73-2E1134174032}.Debug|x64.Build.0 = Debug|x64
		{7A1E39A8-5FD3-432F-BB73-2E1134174032}.Release|Win32.ActiveCfg = Release|Win32
		{7A1E39A8-5FD3-432F-BB73-2E1134174032}.Release|Win32.Build.0 = Release|Win32
		{7A1E39A8-5FD3-432F-BB73-2E1134174032}.Release|x64.ActiveCfg = Release|x64
		{7A1E39A8-5FD3-432F-BB73-2E1134174032}.Release|x64.Build.0 = Release|x64
		{D1D8314C-0B5C-4A2E-A181-C9FB6927DC7A}.Debug|Win32.ActiveCfg = Debug|Win32
		{D1D8314C-0B5C-4A2E-A181-C9FB6927DC7A}.Debug|Win32.Build.0 = Debug|Win32
		{D1D8314C-0B5C-4A2E-A181-C9FB6927DC7A}.Debug|x64.ActiveCfg = Debug|x64
		{D1D8314C-0B5C-4A2E-A181-C9FB6927DC7A}.Debug|x64.Build.0 = Debug|x64
		{D1D8314C-0B5C-4A2E-A181-C9FB6927DC7A}.Release|Win32.ActiveCfg = Release|Win32
		{D1D8314C-0B5C-4A2E-A181-C9FB6927DC7A}.Release|Win32.Build.0 = Release|Win32
		{D1D8314C-0B5C-4A2E-A181-C9FB6927DC7A}.Release|x64.ActiveCfg = Release|x64
		{D1D8314C-0B5C-4A2E-A181-C9FB6927DC7A}.Release|x64.Build.0 = Release|x64
		{0769F68F-6E51-4FFD-8763-957C00507D54}.Debug|Win32.ActiveCfg = Debug|Win32
		{0769F68F-6E51-4FFD-8763-957C00507D54}.Debug|Win32.Build.0 = Debug|Win32
		{0769F68F-6E51-4FFD-8763-957C00507D54}.Debug|x64.ActiveCfg = Debug|x64
		{0769F68F-6E51-4FFD-8763-957C00507D54}.Debug|x64.Build.0 = Debug|x64
		{0769F68F-6E51-4FFD-8763-957C00507D54}.Release|Win32.ActiveCfg = Release|Win32
		{0769F68F-6E51-4FFD-8763-957C00507D54}.Release|Win32.Build.0 = Release|Win32
		{0769F68F-6E51-4FFD-8763-957C00507D54}.Release|x64.ActiveCfg = Release|x64
		{0769F68F-6E51-4FFD-8763-957C00507D54}.Release|x64.Build.0 = Release|x64
		{8F90111B-4584-482B-9E7C-03FCA89FAEF3}.Debug|Win32.ActiveCfg = Debug|Win32
		{8F90111B-4584-482B-9E7C-03FCA89FAEF3}.Debug|Win32.Build.0 = Debug|Win32
		{8F90111B-4584-482B-9E7C-03FCA89FAEF3}.Debug|x64.ActiveCfg = Debug|x64
		{8F90111B-4584-482B-9E7C-03FCA89FAEF3}.Debug|x64.Build.0 = Debug|x64
		{8F90111B-4584-482B-9E7C-03FCA89FAEF3}.Release|Win32.ActiveCfg = Release|Win32
		{8F90111B-4584-482B-9E7C-03FCA89FAEF3}.Release|Win32.Build.0 = Release|Win32
		{8F90111B-4584-482B-9E7C-03FCA89FAEF3}.Release|x64.ActiveCfg = Release|x64
		{8F90111B-4584-482B-9E7C-03FCA89FAEF3}.Release|x64.Build.0 = Release|x64
		{8F9926B9-618C-465C-9DD9-4F8C99BBD6BF}.Debug|Win32.ActiveCfg = Debug|Win32
		{8F9926B9-618C-465C-9DD9-4F8C99BBD6BF}.Debug|Win32.Build.0 = Debug|Win32
		{8F9926B9-618C-465C-9DD9-4F8C99BBD6BF}.Debug|x64.ActiveCfg = Debug|x64
		{8F9926B9-618C-465C-9DD9-4F8C99BBD6BF}.Debug|x64.Build.0 = Debug|x64
		{8F9926B9-618C-465C-9DD9-4F8C99BBD6BF}.Release|Win32.ActiveCfg = Release|Win32
		{8F9926B9-618C-465C-9DD9-4F8C99BBD6BF}.Release|Win32.Build.0 = Release|Win32
		{8F9926B9-618C-465C-9DD9-4F8C99BBD6BF}.Release|x64.ActiveCfg = Release|x64
		{8F9926B9-618C-465C-9DD9-4F8C99BBD6BF}.Release|x64.Build.0 = Release|x64
		{1533F247-AC07-4F8D-BA4E-6AABBDFF3401}.Debug|Win32.ActiveCfg = Debug|Win32
		{1533F247-AC07-4F8D-BA4E-6AABBDFF3401}.Debug|Win32.Build.0 = Debug|Win32
		{1533F247-AC07-4F8D-BA4E-6AABBDFF3401}.Debug|x64.ActiveCfg = Debug|x64
		{1533F247-AC07-4F8D-BA4E-6AABBDFF3401}.Debug|x64.Build.0 = Debug|x64
		{1533F247-AC07-4F8D-BA4E-6AABBDFF3401}.Release|Win32.ActiveCfg = Release|Win32
		{1533F247-AC07-4F8D-BA4E-6AABBDFF3401}.Release|Win32.Build.0 = Release|Win32
		{1533F247-AC07-4F8D-BA4E-6AABBDFF3401}.Release|x64.ActiveCfg = Release|x64
		{1533F247-AC07-4F8D-BA4E-6AABBDFF3401}.Release|x64.Build.0 = Release|x64
		{61CAD103-7FC7-44B0-8561-2CB8EDAD767E}.Debug|Win32.ActiveCfg = Debug|Win32
		{61CAD103-7FC7-44B0-8561-2CB8EDAD767E}.Debug|Win32.Build.0 = Debug|Win32
		{61CAD103-7FC7-44B0-8561-2CB8EDAD767E}.Debug|x64.ActiveCfg = Debug|x64
		{61CAD103-7FC7-44B0-8561-2CB8EDAD767E}.Debug|x64.Build.0 = Debug|x64
		{61CAD103-7FC7-44B0-8561-2CB8EDAD767E}.Release|Win32.ActiveCfg = Release|Win32
		{61CAD103-7FC7-44B0-8561-2CB8EDAD767E}.Release|Win32.Build.0 = Release|Win32
		{61CAD103-7FC7-44B0-8561-2CB8EDAD767E}.Release|x64.ActiveCfg = Release|x64
		{61CAD103-7FC7-44B0-8561-2CB8EDAD767E}.Release|x64.Build.0 = Release|x64
		{CE06B3FD-713E-4876-8178-B27ECC98D063}.Debug|Win32.ActiveCfg = Debug|Win32
		{CE06B3FD-713E-4876-8178-B27ECC98D063}.Debug|Win32.Build.0 = Debug|Win32
		{CE06B3FD-713E-4876-8178-B27ECC98D063}.Debug|x64.ActiveCfg = Debug|x64
		{CE06B3FD-713E-4876-8178-B27ECC98D063}.Debug|x64.Build.0 = Debug|x64
		{CE06B3FD-713E-4876-8178-B27ECC98D063}.Release|Win32.ActiveCfg = Release|Win32
		{CE06B3FD-713E-4876-8178-B27ECC98D063}.Release|Win32.Build.0 = Release|Win32
		{CE06B3FD-713E-4876-8178-B27ECC98D063}.Release|x64.ActiveCfg = Release|x64
		{CE06B3FD-713E-4876-8178-B27ECC98D063}.Release|x64.Build.0 = Release|x64
		{70AEE842-EDED-4BF3-8346-32B1AFCAA079}.Debug|Win32.ActiveCfg = Debug|Win32
		{70AEE842-EDED-4BF3-8346-32B1AFCAA079}.Debug|Win32.Build.0 = Debug|Win32
		{70AEE842-EDED-4BF3-8346-32B1AFCAA079}.Debug|x64.ActiveCfg = Debug|x64
		{70AEE842-EDED-4BF3-8346-32B1AFCAA079}.Debug|x64.Build.0 = Debug|x64
		{70AEE842-EDED-4BF3-8346-32B1AFCAA079}.Release|Win32.ActiveCfg = Release|Win32
		{70AEE842-EDED-4BF3-8346-32B1AFCAA079}.Release|Win32.Build.0 = Release|Win32
		{70AEE842-EDED-4BF3-8346-32B1AFCAA079}.Release|x64.ActiveCfg = Release|x64
		{70AEE842-EDED-4BF3-8346-32B1AFCAA079}.Release|x64.Build.0 = Release|x64
		{BC79A428-8BF6-42F8-8F96-B54A76C68CAB}.Debug|Win32.ActiveCfg = Debug|Win32
		{BC79A428-8BF6-42F8-8F96-B54A76C68CAB}.Debug|Win32.Build.0 = Debug|Win32
		{BC79A428-8BF6-42F8-8F96-B54A76C68CAB}.Debug|x64.ActiveCfg = Debug|x64
		{BC79A428-8BF6-42F8-8F96-B54A76C68CAB}.Debug|x64.Build.0 = Debug|x64
		{BC79A428-8BF6-42F8-8F96-B54A76C68CAB}.Release|Win32.ActiveCfg = Release|Win32
		{BC79A428-8BF6-42F8-8F96-B54A76C68CAB}.Release|Win32.Build.0 = Release|Win32
		{BC79A428-8BF6-42F8-8F96-B54A76C68CAB}.Release|x64.ActiveCfg = Release|x64
		{BC79A428-8BF6-42F8-8F96-B54A76C68CAB}.Release|x64.Build.0 = Release|x64
		{867EDDBD-8E60-4786-B135-ADD56312552F}.Debug|Win32.ActiveCfg = Debug|Win32
		{867EDDBD-8E60-4786-B135-ADD56312552F}.Debug|Win32.Build.0 = Debug|Win32
		{867EDDBD-8E60-4786-B135-ADD56312552F}.Debug|x64.ActiveCfg = Debug|x64
		{867EDDBD-8E60-4786-B135-ADD56312552F}.Debug|x64.Build.0 = Debug|x64
		{867EDDBD-8E60-4786-B135-ADD56312552F}.Release|Win32.ActiveCfg = Release|Win32
		{867EDDBD-8E60-4786-B135-ADD56312552F}.Release|Win32.Build.0 = Release|Win32
		{867EDDBD-8E60-4786-B135-ADD56312552F}.Release|x64.ActiveCfg = Release|x64
		{867EDDBD-8E60-4786-B135-ADD56312552F}.Release|x64.Build.0 = Release|x64
		{9DB7BA4B-ADEB-4A35-A4AF-2A110498B345}.Debug|Win32.ActiveCfg = Debug|Win32
		{9DB7BA4B-ADEB-4A35-A4AF-2A110498B345}.Debug|Win32.Build.0 = Debug|Win32
		{9DB7BA4B-ADEB-4A35-A4AF-2A110498B345}.Debug|x64.ActiveCfg = Debug|x64
		{9DB7BA4B-ADEB-4A35-A4AF-2A110498B345}.Debug|x64.Build.0 = Debug|x64
		{9DB7BA4B-ADEB-4A35-A4AF-2A110498B345}.Release|Win32.ActiveCfg = Release|Win32
		{9DB7BA4B-ADEB-4A35-A4AF-2A110498B345}.Release|Win32.Build.0 = Release|Win32
		{9DB7BA4B-ADEB-4A35-A4AF-2A110498B345}.Release|x64.ActiveCfg = Release|x64
		{9DB7BA4B-ADEB-4A35-A4AF-2A110498B345}.Release|x64.Build.0 = Release|x64
		{CDBA2087-2AAF-4E5B-89EB-4996169CDD5F}.Debug|Win32.ActiveCfg = Debug|Win32
		{CDBA2087-2AAF-4E5B-89EB-4996169CDD5F}.Debug|Win32.Build.0 = Debug|Win32
		{CDBA2087-2AAF-4E5B-89EB-4996169CDD5F}.Debug|x64.ActiveCfg = Debug|x64
		{CDBA2087-2AAF-4E5B-89EB-4996169CDD5F}.Debug|x64.Build.0 = Debug|x64
		{CDBA2087-2AAF-4E5B-89EB-4996169CDD5F}.Release|Win32.ActiveCfg = Release|Win32
		{CDBA2087-2AAF-4E5B-89EB-4996169CDD5F}.Release|Win32.Build.0 = Release|Win32
		{CDBA2087-2AAF-4E5B-89EB-4996169CDD5F}.Release|x64.ActiveCfg = Release|x64
		{CDBA2087-2AAF-4E5B-89EB-4996169CDD5F}.Release|x64.Build.0 = Release|x64
		{51AB6560-01B8-4E06-ADB8-8DCBFD8CED1E}.Debug|Win32.ActiveCfg = Debug|Win32
		{51AB6560-01B8-4E06-ADB8-8DCBFD8CED1E}.Debug|Win32.Build.0 = Debug|Win32
		{51AB6560-01B8-4E06-ADB8-8DCBFD8CED1E}.Debug|x64.ActiveCfg = Debug|x64
		{51AB6560-01B8-4E06-ADB8-8DCBFD8CED1E}.Debug|x64.Build.0 = Debug|x64
		{51AB6560-01B8-4E06-ADB8-8DCBFD8CED1E}.Release|Win32.ActiveCfg = Release|Win32
		{51AB6560-01B8-4E06-ADB8-8DCBFD8CED1E}.Release|Win32.Build.0 = Release|Win32
		{51AB6560-01B8-4E06-ADB8-8DCBFD8CED1E}.Release|x64.ActiveCfg = Release|x64
		{51AB6560-01B8-4E06-ADB8-8DCBFD8CED1E}.Release|x64.Build.0 = Release|x64
		{25B692E1-02AC-4DA4-8A0E-7C3FC21E05CD}.Debug|Win32.ActiveCfg = Debug|Win32
		{25B692E1-02AC-4DA4-8A0E-7C3FC21E05CD}.Debug|Win32.Build.0 = Debug|Win32
		{25B692E1-02AC-4DA4-8A0E-7C3FC21E05CD}.Debug|x64.ActiveCfg = Debug|x64
		{25B692E1-02AC-4DA4-8A0E-7C3FC21E05CD}.Debug|x64.Build.0 = Debug|x64
		{25B692E1-02AC-4DA4-8A0E-7C3FC21E05CD}.Release|Win32.ActiveCfg = Release|Win32
		{25B692E1-02AC-4DA4-8A0E-7C3FC21E05CD}.Release|Win32.Build.0 = Release|Win32
		{25B692E1-02AC-4DA4-8A0E-7C3FC21E05CD}.Release|x64.ActiveCfg = Release|x64
		{25B692E1-02AC-4DA4-8A0E-7C3FC21E05CD}.Release|x64.Build.0 = Release|x64
		{5E488690-A7C3-4AC0-988C-F21224E98C5A}.Debug|Win32.ActiveCfg = Debug|Win32
		{5E488690-A7C3-4AC0-988C-F21224E98C5A}.Debug|Win32.Build.0 = Debug|Win32
		{5E488690-A7C3-4AC0-988C-F21224E98C5A}.Debug|x64.ActiveCfg = Debug|x64
		{5E488690-A7C3-4AC0-988C-F21224E98C5A}.Debug|x64.Build.0 = Debug|x64
		{5E488690-A7C3-4AC0-988C-F21224E98C5A}.Release|Win32.ActiveCfg = Release|Win32
		{5E488690-A7C3-4AC0-988C-F21224E98C5A}.Release|Win32.Build.0 = Release|Win32
		{5E488690-A7C3-4AC0-988C-F21224E98C5A}.Release|x64.ActiveCfg = Release|x64
		{5E488690-A7C3-4AC0-988C-F21224E98C5A}.Release|x64.Build.0 = Release|x64
		{9D3D5173-EC62-4811-8386-BE88B6E7C24B}.Debug|Win32.ActiveCfg = Debug|Win32
		{9D3D5173-EC62-4811-8386-BE88B6E7C24B}.Debug|Win32.Build.0 = Debug|Win32
		{9D3D5173-EC62-4811-8386-BE88B6E7C24B}.Debug|x64.ActiveCfg = Debug|x64
		{9D3D5173-EC62-4811-8386-BE88B6E7C24B}.Debug|x64.Build.0 = Debug|x64
		{9D3D5173-EC62-4811-8386-BE88B6E7C24B}.Release|Win32.ActiveCfg = Release|Win32
		{9D3D5173-EC62-4811-8386-BE88B6E7C24B}.Release|Win32.Build.0 = Release|Win32
		{9D3D5173-EC62-4811-8386-BE88B6E7C24B}.Release|x64.ActiveCfg = Release|x64
		{9D3D5173-EC62-4811-8386-BE88B6E7C24B}.Release|x64.Build.0 = Release|x64
		{88ADC3BE-9582-46A9-9950-F407B97DE182}.Debug|Win32.ActiveCfg = Debug|Win32
		{88ADC3BE-9582-46A9-9950-F407B97DE182}.Debug|Win32.Build.0 = Debug|Win32
		{88ADC3BE-9582-46A9-9950-F407B97DE182}.Debug|x64.ActiveCfg = Debug|x64
		{88ADC3BE-9582-46A9-9950-F407B97DE182}.Debug|x64.Build.0 = Debug|x64
		{88ADC3BE-9582-46A9-9950-F407B97DE182}.Release|Win32.ActiveCfg = Release|Win32
		{88ADC3BE-9582-46A9-9950-F407B97DE182}.Release|Win32.Build.0 = Release|Win32
		{88ADC3BE-9582-46A9-9950-F407B97DE182}.Release|x64.ActiveCfg = Release|x64
		{88ADC3BE-9582-46A9-9950-F407B97DE182}.Release|x64.Build.0 = Release|x64
		{057446CE-BF26-49B5-8EED-AD75A4144AAE}.Debug|Win32.ActiveCfg = Debug|Win32
		{057446CE-BF26-49B5-8EED-AD75A4144AAE}.Debug|Win32.Build.0 = Debug|Win32
		{057446CE-BF26-49B5-8EED-AD75A4144AAE}.Debug|x64.ActiveCfg = Debug|x64
		{057446CE-BF26-49B5-8EED-AD75A4144AAE}.Debug|x64.Build.0 = Debug|x64
		{057446CE-BF26-49B5-8EED-AD75A4144AAE}.Release|Win32.ActiveCfg = Release|Win32
		{057446CE-BF26-49B5-8EED-AD75A4144AAE}.Release|Win32.Build.0 = Release|Win32
		{057446CE-BF26-49B5-8EED-AD75A4144AAE}.Release|x64.ActiveCfg = Release|x64
		{057446CE-BF26-49B5-8EED-AD75A4144AAE}.Release|x64.Build.0 = Release|x64
		{9FC9D237-11A1-4B62-9B3D-69CD59E01F90}.Debug|Win32.ActiveCfg = Debug|Win32
		{9FC9D237-11A1-4B62-9B3D-69CD59E01F90}.Debug|Win32.Build.0 = Debug|Win32
		{9FC9D237-11A1-4B62-9B3D-69CD59E01F90}.Debug|x64.ActiveCfg = Debug|x64
		{9FC9D237-11A1-4B62-9B3D-69CD59E01F90}.Debug|x64.Build.0 = Debug|x64
		{9FC9D237-11A1-4B62-9B3D-69CD59E01F90}.Release|Win32.ActiveCfg = Release|Win32
		{9FC9D237-11A1-4B62-9B3D-69CD59E01F90}.Release|Win32.Build.0 = Release|Win32
		{9FC9D237-11A1-4B62-9B3D-69CD59E01F90}.Release|x64.ActiveCfg = Release|x64
		{9FC9D237-11A1-4B62-9B3D-69CD59E01F90}.Release|x64.Build.0 = Release|x64
		{21206E1F-EBB9-459F-8E03-30D496D3F95C}.Debug|Win32.ActiveCfg = Debug|Win32
		{21206E1F-EBB9-459F-8E03-30D496D3F95C}.Debug|Win32.Build.0 = Debug|Win32
		{21206E1F-EBB9-459F-8E03-30D496D3F95C}.Debug|x64.ActiveCfg = Debug|x64
		{21206E1F-EBB9-459F-8E03-30D496D3F95C}.Debug|x64.Build.0 = Debug|x64
		{21206E1F-EBB9-459F-8E03-30D496D3F95C}.Release|Win32.ActiveCfg = Release|Win32
		{21206E1F-EBB9-459F-8E03-30D496D3F95C}.Release|Win32.Build.0 = Release|Win32
		{21206E1F-EBB9-459F-8E03-30D496D3F95C}.Release|x64.ActiveCfg = Release|x64
		{21206E1F-EBB9-459F-8E03-30D496D3F95C}.Release|x64.Build.0 = Release|x64
		{D5AD6848-1B26-4528-AD38-CA75873165BE}.Debug|Win32.ActiveCfg = Debug|Win32
		{D5AD6848-1B26-4528-AD38-CA75873165BE}.Debug|Win32.Build.0 = Debug|Win32
		{D5AD6848-1B26-4528-AD38-CA75873165BE}.Debug|x64.ActiveCfg = Debug|x64
		{D5AD6848-1B26-4528-AD38-CA75873165BE}.Debug|x64.Build.0 = Debug|x64
		{D5AD6848-1B26-4528-AD38-CA75873165BE}.Release|Win32.ActiveCfg = Release|Win32
		{D5AD6848-1B26-4528-AD38-CA75873165BE}.Release|Win32.Build.0 = Release|Win32
		{D5AD6848-1B26-4528-AD38-CA75873165BE}.Release|x64.ActiveCfg = Release|x64
		{D5AD6848-1B26-4528-AD38-CA75873165BE}.Release|x64.Build.0 = Release|x64
		{7453EBB1-7FFF-49E9-9747-DCF16490B108}.Debug|Win32.ActiveCfg = Debug|Win32
		{7453EBB1-7FFF-49E9-9747-DCF16490B108}.Debug|Win32.Build.0 = Debug|Win32
		{7453EBB1-7FFF-49E9-9747-DCF16490B108}.Debug|x64.ActiveCfg = Debug|x64
		{7453EBB1-7FFF-49E9-9747-DCF16490B108}.Debug|x64.Build.0 = Debug|x64
		{7453EBB1-7FFF-49E9-9747-DCF16490B108}.Release|Win32.ActiveCfg = Release|Win32
		{7453EBB1-7FFF-49E9-9747-DCF16490B108}.Release|Win32.Build.0 = Release|Win32
		{7453EBB1-7FFF-49E9-9747-DCF16490B108}.Release|x64.ActiveCfg = Release|x64
		{7453EBB1-7FFF-49E9-9747-DCF16490B108}.Release|x64.Build.0 = Release|x64
		{0EA904A3-098E-45EA-8DF6-9F9AF5A0AB7A}.Debug|Win32.ActiveCfg = Debug|Win32
		{0EA904A3-098E-45EA-8DF6-9F9AF5A0AB7A}.Debug|Win32.Build.0 = Debug|Win32
		{0EA904A3-098E-45EA-8DF6-9F9AF5A0AB7A}.Debug|x64.ActiveCfg = Debug|x64
		{0EA904A3-098E-45EA-8DF6-9F9AF5A0AB7A}.Debug|x64.Build.0 = Debug|x64
		{0EA904A3-098E-45EA-8DF6-9F9AF5A0AB7A}.Release|Win32.ActiveCfg = Release|Win32
		{0EA904A3-098E-45EA-8DF6-9F9AF5A0AB7A}.Release|Win32.Build.0 = Release|Win32
		{0EA904A3-098E-45EA-8DF6-9F9AF5A0AB7A}.Release|x64.ActiveCfg = Release|x64
		{0EA904A3-098E-45EA-8DF6-9F9AF5A0AB7A}.Release|x64.Build.0 = Release|x64
		{547A47A0-F8AF-4E00-BE31-ADDE317603D0}.Debug|Win32.ActiveCfg = Debug|Win32
		{547A47A0-F8AF-4E00-BE31-ADDE317603D0}.Debug|Win32.Build.0 = Debug|Win32
		{547A47A0-F8AF-4E00-BE31-ADDE317603D0}.Debug|x64.ActiveCfg = Debug|x64
		{547A47A0-F8AF-4E00-BE31-ADDE317603D0}.Debug|x64.Build.0 = Debug|x64
		{547A47A0-F8AF-4E00-BE31-ADDE317603D0}.Release|Win32.ActiveCfg = Release|Win32
		{547A47A0-F8AF-4E00-BE31-ADDE317603D0}.Release|Win32.Build.0 = Release|Win32
		{547A47A0-F8AF-4E00-BE31-ADDE317603D0}.Release|x64.ActiveCfg = Release|x64
		{547A47A0-F8AF-4E00-BE31-ADDE317603D0}.Release|x64.Build.0 = Release|x64
		{D132BE5A-7159-4899-B1A4-CDC56C6176AF}.Debug|Win32.ActiveCfg = Debug|Win32
		{D132BE5A-7159-4899-B1A4-CDC56C6176AF}.Debug|Win32.Build.0 = Debug|Win32
		{D132BE5A-7159-4899-B1A4-CDC56C6176AF}.Debug|x64.ActiveCfg = Debug|x64
		{D132BE5A-7159-4899-B1A4-CDC56C6176AF}.Debug|x64.Build.0 = Debug|x64
		{D132BE5A-7159-4899-B1A4-CDC56C6176AF}.Release|Win32.ActiveCfg = Release|Win32
		{D132BE5A-7159-4899-B1A4-CDC56C6176AF}.Release|Win32.Build.0 = Release|Win32
		{D132BE5A-7159-4899-B1A4-CDC56C6176AF}.Release|x64.ActiveCfg = Release|x64
		{D132BE5A-7159-4899-B1A4-CDC56C6176AF}.Release|x64.Build.0 = Release|x64
		{019D6EDF-0DB0-4C63-9D28-342610A535D1}.Debug|Win32.ActiveCfg = Debug|Win32
		{019D6EDF-0DB0-4C63-9D28-342610A535D1}.Debug|Win32.Build.0 = Debug|Win32
		{019D6EDF-0DB0-4C63-9D28-342610A535D1}.Debug|x64.ActiveCfg = Debug|x64
		{019D6EDF-0DB0-4C63-9D28-342610A535D1}.Debug|x64.Build.0 = Debug|x64
		{019D6EDF-0DB0-4C63-9D28-342610A535D1}.Release|Win32.ActiveCfg = Release|Win32
		{019D6EDF-0DB0-4C63-9D28-342610A535D1}.Release|Win32.Build.0 = Release|Win32
		{019D6EDF-0DB0-4C63-9D28-342610A535D1}.Release|x64.ActiveCfg = Release|x64
		{019D6EDF-0DB0-4C63-9D28-342610A535D1}.Release|x64.Build.0 = Release|x64
		{F3173B1B-DEEB-452A-AB32-616161B7C15C}.Debug|Win32.ActiveCfg = Debug|Win32
		{F3173B1B-DEEB-452A-AB32-616161B7C15C}.Debug|Win32.Build.0 = Debug|Win32
		{F3173B1B-DEEB-452A-AB32-616161B7C15C}.Debug|x64.ActiveCfg = Debug|x64
		{F3173B1B-DEEB-452A-AB32-616161B7C15C}.Debug|x64.Build.0 = Debug|x64
		{F3173B1B-DEEB-452A-AB32-616161B7C15C}.Release|Win32.ActiveCfg = Release|Win32
		{F3173B1B-DEEB-452A-AB32-616161B7C15C}.Release|Win32.Build.0 = Release|Win32
		{F3173B1B-DEEB-452A-AB32-616161B7C15C}.Release|x64.ActiveCfg = Release|x64
		{F3173B1B-DEEB-452A-AB32-616161B7C15C}.Release|x64.Build.0 = Release|x64
		{C50F5F38-8F97-4915-9CEB-E7E9A3A999A2}.Debug|Win32.ActiveCfg = Debug|Win32
		{C50F5F38-8F97-4915-9CEB-E7E9A3A999A2}.Debug|Win32.Build.0 = Debug|Win32
		{C50F5F38-8F97-4915-9CEB-E7E9A3A999A2}.Debug|x64.ActiveCfg = Debug|x64
		{C50F5F38-8F97-4915-9CEB-E7E9A3A999A2}.Debug|x64.Build.0 = Debug|x64
		{C50F5F38-8F97-4915-9CEB-E7E9A3A999A2}.Release|Win32.ActiveCfg = Release|Win32
		{C50F5F38-8F97-4915-9CEB-E7E9A3A999A2}.Release|Win32.Build.0 = Release|Win32
		{C50F5F38-8F97-4915-9CEB-E7E9A3A999A2}.Release|x64.ActiveCfg = Release|x64
		{C50F5F38-8F97-4915-9CEB-E7E9A3A999A2}.Release|x64.Build.0 = Release|x64
		{A7915B2B-BD03-430E-A24B-F8AF77B8C5BD}.Debug|Win32.ActiveCfg = Debug|Win32
		{A7915B2B-BD03-430E-A24B-F8AF77B8C5BD}.Debug|Win32.Build.0 = Debug|Win32
		{A7915B2B-BD03-430E-A24B-F8AF77B8C5BD}.Debug|x64.ActiveCfg = Debug|x64
		{A7915B2B-BD03-430E-A24B-F8AF77B8C5BD}.Debug|x64.Build.0 = Debug|x64
		{A7915B2B-BD03-430E-A24B-F8AF77B8C5BD}.Release|Win32.ActiveCfg = Release|Win32
		{A7915B2B-BD03-430E-A24B-F8AF77B8C5BD}.Release|Win32.Build.0 = Release|Win32
		{A7915B2B-BD03-430E-A24B-F8AF77B8C5BD}.Release|x64.ActiveCfg = Release|x64
		{A7915B2B-BD03-430E-A24B-F8AF77B8C5BD}.Release|x64.Build.0 = Release|x64
		{0A35278C-6501-4F0A-A874-6AE1EFE7EAF4}.Debug|Win32.ActiveCfg = Debug|Win32
		{0A35278C-6501-4F0A-A874-6AE1EFE7EAF4}.Debug|Win32.Build.0 = Debug|Win32
		{0A35278C-6501-4F0A-A874-6AE1EFE7EAF4}.Debug|x64.ActiveCfg = Debug|x64
		{0A35278C-6501-4F0A-A874-6AE1EFE7EAF4}.Debug|x64.Build.0 = Debug|x64
		{0A35278C-6501-4F0A-A874-6AE1EFE7EAF4}.Release|Win32.ActiveCfg = Release|Win32
		{0A35278C-6501-4F0A-A874-6AE1EFE7EAF4}.Release|Win32.Build.0 = Release|Win32
		{0A35278C-6501-4F0A-A874-6AE1EFE7EAF4}.Release|x64.ActiveCfg = Release|x64
		{0A35278C-6501-4F0A-A874-6AE1EFE7EAF4}.Release|x64.Build.0 = Release|x64
		{90BB134A-D1E0-4B06-94BB-93B92F91A9C4}.Debug|Win32.ActiveCfg = Debug|Win32
		{90BB134A-D1E0-4B06-94BB-93B92F91A9C4}.Debug|Win32.Build.0 = Debug|Win32
		{90BB134A-D1E0-4B06-94BB-93B92F91A9C4}.Debug|x64.ActiveCfg = Debug|x64
		{90BB134A-D1E0-4B06-94BB-93B92F91A9C4}.Debug|x64.Build.0 = Debug|x64
		{90BB134A-D1E0-4B06-94BB-93B92F91A9C4}.Release|Win32.ActiveCfg = Release|Win32
		{90BB134A-D1E0-4B06-94BB-93B92F91A9C4}.Release|Win32.Build.0 = Release|Win32
		{90BB134A-D1E0-4B06-94BB-93B92F91A9C4}.Release|x64.ActiveCfg = Release|x64
		{90BB134A-D1E0-4B06-94BB-93B92F91A9C4}.Release|x64.Build.0 = Release|x64
		{7F002538-296F-4329-886F-5B47EE7C093E}.Debug|Win32.ActiveCfg = Debug|Win32
		{7F002538-296F-4329-886F-5B47EE7C093E}.Debug|Win32.Build.0 = Debug|Win32
		{7F002538-296F-4329-886F-5B47EE7C093E}.Debug|x64.ActiveCfg = Debug|x64
		{7F002538-296F-4329-886F-5B47EE7C093E}.Debug|x64.Build.0 = Debug|x64
		{7F002538-296F-4329-886F-5B47EE7C093E}.Release|Win32.ActiveCfg = Release|Win32
		{7F002538-296F-4329-886F-5B47EE7C093E}.Release|Win32.Build.0 = Release|Win32
		{7F002538-296F-4329-886F-5B47EE7C093E}.Release|x64.ActiveCfg = Release|x64
		{7F002538-296F-4329-886F-5B47EE7C093E}.Release|x64.Build.0 = Release|x64
		{DDA71AB7-0443-4622-B377-02E227B327FC}.Debug|Win32.ActiveCfg = Debug|Win32
		{DDA71AB7-0443-4622-B377-02E227B327FC}.Debug|Win32.Build.0 = Debug|Win32
		{DDA71AB7-0443-4622-B377-02E227B327FC}.Debug|x64.ActiveCfg = Debug|x64
		{DDA71AB7-0443-4622-B377-02E227B327FC}.Debug|x64.Build.0 = Debug|x64
		{DDA71AB7-0443-4622-B377-02E227B327FC}.Release|Win32.ActiveCfg = Release|Win32
		{DDA71AB7-0443-4622-B377-02E227B327FC}.Release|Win32.Build.0 = Release|Win32
		{DDA71AB7-0443-4622-B377-02E227B327FC}.Release|x64.ActiveCfg = Release|x64
		{DDA71AB7-0443-4622-B377-02E227B327FC}.Release|x64.Build.0 = Release|x64
		{C88FD750-E9E5-40D1-96B0-EDF5C9B7F28C}.Debug|Win32.ActiveCfg = Debug|Win32
		{C88FD750-E9E5-40D1-96B0-EDF5C9B7F28C}.Debug|Win32.Build.0 = Debug|Win32
		{C88FD750-E9E5-40D1-96B0-EDF5C9B7F28C}.Debug|x64.ActiveCfg = Debug|x64
		{C88FD750-E9E5-40D1-96B0-EDF5C9B7F28C}.Debug|x64.Build.0 = Debug|x64
		{C88FD750-E9E5-40D1-96B0-EDF5C9B7F28C}.Release|Win32.ActiveCfg = Release|Win32
		{C88FD750-E9E5-40D1-96B0-EDF5C9B7F28C}.Release|Win32.Build.0 = Release|Win32
		{C88FD750-E9E5-40D1-96B0-EDF5C9B7F28C}.Release|x64.ActiveCfg = Release|x64
		{C88FD750-E9E5-40D1-96B0-EDF5C9B7F28C}.Release|x64.Build.0 = Release|x64
		{3A413499-635B-455C-AF6B-5B1DE87615DD}.Debug|Win32.ActiveCfg = Debug|Win32
		{3A413499-635B-455C-AF6B-5B1DE87615DD}.Debug|Win32.Build.0 = Debug|Win32
		{3A413499-635B-455C-AF6B-5B1DE87615DD}.Debug|x64.ActiveCfg = Debug|x64
		{3A413499-635B-455C-AF6B-5B1DE87615DD}.Debug|x64.Build.0 = Debug|x64
		{3A413499-635B-455C-AF6B-5B1DE87615DD}.Release|Win32.ActiveCfg = Release|Win32
		{3A413499-635B-455C-AF6B-5B1DE87615DD}.Release|Win32.Build.0 = Release|Win32
		{3A413499-635B-455C-AF6B-5B1DE87615DD}.Release|x64.ActiveCfg = Release|x64
		{3A413499-635B-455C-AF6B-5B1DE87615DD}.Release|x64.Build.0 = Release|x64
		{F727C290-1E13-4FC4-8EB7-262A89AF3251}.Debug|Win32.ActiveCfg = Debug|Win32
		{F727C290-1E13-4FC4-8EB7-262A89AF3251}.Debug|Win32.Build.0 = Debug|Win32
		{F727C290-1E13-4FC4-8EB7-262A89AF3251}.Debug|x64.ActiveCfg = Debug|x64
		{F727C290-1E13-4FC4-8EB7-262A89AF3251}.Debug|x64.Build.0 = Debug|x64
		{F727C290-1E13-4FC4-8EB7-262A89AF3251}.Release|Win32.ActiveCfg = Release|Win32
		{F727C290-1E13-4FC4-8EB7-262A89AF3251}.Release|Win32.Build.0 = Release|Win32
		{F727C290-1E13-4FC4-8EB7-262A89AF3251}.Release|x64.ActiveCfg = Release|x64
		{F727C290-1E13-4FC4-8EB7-262A89AF3251}.Release|x64.Build.0 = Release|x64
		{69180EC4-1DB0-4448-813E-D3C9D3E0E11B}.Debug|Win32.ActiveCfg = Debug|Win32
		{69180EC4-1DB0-4448-813E-D3C9D3E0E11B}.Debug|Win32.Build.0 = Debug|Win32
		{69180EC4-1DB0-4448-813E-D3C9D3E0E11B}.Debug|x64.ActiveCfg = Debug|x64
		{69180EC4-1DB0-4448-813E-D3C9D3E0E11B}.Debug|x64.Build.0 = Debug|x64
		{69180EC4-1DB0-4448-813E-D3C9D3E0E11B}.Release|Win32.ActiveCfg = Release|Win32
		{69180EC4-1DB0-4448-813E-D3C9D3E0E11B}.Release|Win32.Build.0 = Release|Win32
		{69180EC4-1DB0-4448-813E-D3C9D3E0E11B}.Release|x64.ActiveCfg = Release|x64
		{69180EC4-1DB0-4448-813E-D3C9D3E0E11B}.Release|x64.Build.0 = Release|x64
		{67BB5BCA-7CDD-49C6-907B-A5EDA16E3472}.Debug|Win32.ActiveCfg = Debug|Win32
		{67BB5BCA-7CDD-49C6-907B-A5EDA16E3472}.Debug|Win32.Build.0 = Debug|Win32
		{67BB5BCA-7CDD-49C6-907B-A5EDA16E3472}.Debug|x64.ActiveCfg = Debug|x64
		{67BB5BCA-7CDD-49C6-907B-A5EDA16E3472}.Debug|x64.Build.0 = Debug|x64
		{67BB5BCA-7CDD-49C6-907B-A5EDA16E3472}.Release|Win32.ActiveCfg = Release|Win32
		{67BB5BCA-7CDD-49C6-907B-A5EDA16E3472}.Release|Win32.Build.0 = Release|Win32
		{67BB5BCA-7CDD-49C6-907B-A5EDA16E3472}.Release|x64.ActiveCfg = Release|x64
		{67BB5BCA-7CDD-49C6-907B-A5EDA16E3472}.Release|x64.Build.0 = Release|x64
		{0C183A06-D39F-4794-BABD-5A4901E3B286}.Debug|Win32.ActiveCfg = Debug|Win32
		{0C183A06-D39F-4794-BABD-5A4901E3B286}.Debug|Win32.Build.0 = Debug|Win32
		{0C183A06-D39F-4794-BABD-5A4901E3B286}.Debug|x64.ActiveCfg = Debug|x64
		{0C183A06-D39F-4794-BABD-5A4901E3B286}.Debug|x64.Build.0 = Debug|x64
		{0C183A06-D39F-4794-BABD-5A4901E3B286}.Release|Win32.ActiveCfg = Release|Win32
		{0C183A06-D39F-4794-BABD-5A4901E3B286}.Release|Win32.Build.0 = Release|Win32
		{0C183A06-D39F-4794-BABD-5A4901E3B286}.Release|x64.ActiveCfg = Release|x64
		{0C183A06-D39F-4794-BABD-5A4901E3B286}.Release|x64.Build.0 = Release|x64
		{A41DD53C-4ACA-44EF-9F5B-A783EAAEB928}.Debug|Win32.ActiveCfg = Debug|Win32
		{A41DD53C-4ACA-44EF-9F5B-A783EAAEB928}.Debug|Win32.Build.0 = Debug|Win32
		{A41DD53C-4ACA-44EF-9F5B-A783EAAEB928}.Debug|x64.ActiveCfg = Debug|x64
		{A41DD53C-4ACA-44EF-9F5B-A783EAAEB928}.Debug|x64.Build.0 = Debug|x64
		{A41DD53C-4ACA-44EF-9F5B-A783EAAEB928}.Release|Win32.ActiveCfg = Release|Win32
		{A41DD53C-4ACA-44EF-9F5B-A783EAAEB928}.Release|Win32.Build.0 = Release|Win32
		{A41DD53C-4ACA-44EF-9F5B-A783EAAEB928}.Release|x64.ActiveCfg = Release|x64
		{A41DD53C-4ACA-44EF-9F5B-A783EAAEB928}.Release|x64.Build.0 = Release|x64
		{09686226-888A-415B-BA5F-56D004F1986D}.Debug|Win32.ActiveCfg = Debug|Win32
		{09686226-888A-415B-BA5F-56D004F1986D}.Debug|Win32.Build.0 = Debug|Win32
		{09686226-888A-415B-BA5F-56D004F1986D}.Debug|x64.ActiveCfg = Debug|x64
		{09686226-888A-415B-BA5F-56D004F1986D}.Debug|x64.Build.0 = Debug|x64
		{09686226-888A-415B-BA5F-56D004F1986D}.Release|Win32.ActiveCfg = Release|Win32
		{09686226-888A-415B-BA5F-56D004F1986D}.Release|Win32.Build.0 = Release|Win32
		{09686226-888A-415B-BA5F-56D004F1986D}.Release|x64.ActiveCfg = Release|x64
		{09686226-888A-415B-BA5F-56D004F1986D}.Release|x64.Build.0 = Release|x64
		{C16C7D9E-BC8A-4121-9E52-792968A69758}.Debug|Win32.ActiveCfg = Debug|Win32
		{C16C7D9E-BC8A-4121-9E52-792968A69758}.Debug|Win32.Build.0 = Debug|Win32
		{C16C7D9E-BC8A-4121-9E52-792968A69758}.Debug|x64.ActiveCfg = Debug|x64
		{C16C7D9E-BC8A-4121-9E52-792968A69758}.Debug|x64.Build.0 = Debug|x64
		{C16C7D9E-BC8A-4121-9E52-792968A69758}.Release|Win32.ActiveCfg = Release|Win32
		{C16C7D9E-BC8A-4121-9E52-792968A69758}.Release|Win32.Build.0 = Release|Win32
		{C16C7D9E-BC8A-4121-9E52-792968A69758}.Release|x64.ActiveCfg = Release|x64
		{C16C7D9E-BC8A-4121-9E52-792968A69758}.Release|x64.Build.0 = Release|x64
		{91CA01B0-FBF7-4F53-9576-F1A046CCFDD0}.Debug|Win32.ActiveCfg = Debug|Win32
		{91CA01B0-FBF7-4F53-9576-F1A046CCFDD0}.Debug|Win32.Build.0 = Debug|Win32
		{91CA01B0-FBF7-4F53-9576-F1A046CCFDD0}.Debug|x64.ActiveCfg = Debug|x64
		{91CA01B0-FBF7-4F53-9576-F1A046CCFDD0}.Debug|x64.Build.0 = Debug|x64
		{91CA01B0-FBF7-4F53-9576-F1A046CCFDD0}.Release|Win32.ActiveCfg = Release|Win32
		{91CA01B0-FBF7-4F53-9576-F1A046CCFDD0}.Release|Win32.Build.0 = Release|Win32
		{91CA01B0-FBF7-4F53-9576-F1A046CCFDD0}.Release|x64.ActiveCfg = Release|x64
		{91CA01B0-FBF7-4F53-9576-F1A046CCFDD0}.Release|x64.Build.0 = Release|x64
		{32D86C36-91F2-4651-9926-058BB285D7C2}.Debug|Win32.ActiveCfg = Debug|Win32
		{32D86C36-91F2-4651-9926-058BB285D7C2}.Debug|Win32.Build.0 = Debug|Win32
		{32D86C36-91F2-4651-9926-058BB285D7C2}.Debug|x64.ActiveCfg = Debug|x64
		{32D86C36-91F2-4651-9926-058BB285D7C2}.Debug|x64.Build.0 = Debug|x64
		{32D86C36-91F2-4651-9926-058BB285D7C2}.Release|Win32.ActiveCfg = Release|Win32
		{32D86C36-91F2-4651-9926-058BB285D7C2}.Release|Win32.Build.0 = Release|Win32
		{32D86C36-91F2-4651-9926-058BB285D7C2}.Release|x64.ActiveCfg = Release|x64
		{32D86C36-91F2-4651-9926-058BB285D7C2}.Release|x64.Build.0 = Release|x64
		{51E67B5F-BF95-436C-BEC3-CD40B6884B22}.Debug|Win32.ActiveCfg = Debug|Win32
		{51E67B5F-BF95-436C-BEC3-CD40B6884B22}.Debug|Win32.Build.0 = Debug|Win32
		{51E67B5F-BF95-436C-BEC3-CD40B6884B22}.Debug|x64.ActiveCfg = Debug|x64
		{51E67B5F-BF95-436C-BEC3-CD40B6884B22}.Debug|x64.Build.0 = Debug|x64
		{51E67B5F-BF95-436C-BEC3-CD40B6884B22}.Release|Win32.ActiveCfg = Release|Win32
		{51E67B5F-BF95-436C-BEC3-CD40B6884B22}.Release|Win32.Build.0 = Release|Win32
		{51E67B5F-BF95-436C-BEC3-CD40B6884B22}.Release|x64.ActiveCfg = Release|x64
		{51E67B5F-BF95-436C-BEC3-CD40B6884B22}.Release|x64.Build.0 = Release|x64
		{34169458-597B-42BB-BF7B-82D37E5D1482}.Debug|Win32.ActiveCfg = Debug|Win32
		{34169458-597B-42BB-BF7B-82D37E5D1482}.Debug|Win32.Build.0 = Debug|Win32
		{34169458-597B-42BB-BF7B-82D37E5D1482}.Debug|x64.ActiveCfg = Debug|x64
		{34169458-597B-42BB-BF7B-82D37E5D1482}.Debug|x64.Build.0 = Debug|x64
		{34169458-597B-42BB-BF7B-82D37E5D1482}.Release|Win32.ActiveCfg = Release|Win32
		{34169458-597B-42BB-BF7B-82D37E5D1482}.Release|Win32.Build.0 = Release|Win32
		{34169458-597B-42BB-BF7B-82D37E5D1482}.Release|x64.ActiveCfg = Release|x64
		{34169458-597B-42BB-BF7B-82D37E5D1482}.Release|x64.Build.0 = Release|x64
		{7DAEFBF4-68C3-443F-85FC-2A7BD19C2344}.Debug|Win32.ActiveCfg = Debug|Win32
		{7DAEFBF4-68C3-443F-85FC-2A7BD19C2344}.Debug|Win32.Build.0 = Debug|Win32
		{7DAEFBF4-68C3-443F-85FC-2A7BD19C2344}.Debug|x64.ActiveCfg = Debug|x64
		{7DAEFBF4-68C3-443F-85FC-2A7BD19C2344}.Debug|x64.Build.0 = Debug|x64
		{7DAEFBF4-68C3-443F-85FC-2A7BD19C2344}.Release|Win32.ActiveCfg = Release|Win32
		{7DAEFBF4-68C3-443F-85FC-2A7BD19C2344}.Release|Win32.Build.0 = Release|Win32
		{7DAEFBF4-68C3-443F-85FC-2A7BD19C2344}.Release|x64.ActiveCfg = Release|x64
		{7DAEFBF4-68C3-443F-85FC-2A7BD19C2344}.Release|x64.Build.0 = Release|x64
		{8B768470-DFB0-4947-9CBC-E05054CFD7C3}.Debug|Win32.ActiveCfg = Debug|Win32
		{8B768470-DFB0-4947-9CBC-E05054CFD7C3}.Debug|Win32.Build.0 = Debug|Win32
		{8B768470-DFB0-4947-9CBC-E05054CFD7C3}.Debug|x64.ActiveCfg = Debug|x64
		{8B768470-DFB0-4947-9CBC-E05054CFD7C3}.Debug|x64.Build.0 = Debug|x64
		{8B768470-DFB0-4947-9CBC-E05054CFD7C3}.Release|Win32.ActiveCfg = Release|Win32
		{8B768470-DFB0-4947-9CBC-E05054CFD7C3}.Release|Win32.Build.0 = Release|Win32
		{8B768470-DFB0-4947-9CBC-E05054CFD7C3}.Release|x64.ActiveCfg = Release|x64
		{8B768470-DFB0-4947-9CBC-E05054CFD7C3}.Release|x64.Build.0 = Release|x64
	EndGlobalSection
	GlobalSection(SolutionProperties) = preSolution
		HideSolutionNode = FALSE
	EndGlobalSection
	GlobalSection(NestedProjects) = preSolution
		{66F80396-2E2D-4651-8DC4-FAEBE4EEDBCD} = {40D456B2-CC37-42DD-8046-5E47FDF5648A}
		{559582AF-A378-47A6-ABBA-BF86C7D5CB95} = {40D456B2-CC37-42DD-8046-5E47FDF5648A}
		{E2E1B3BB-1224-41A7-92E3-41E37D9F4950} = {40D456B2-CC37-42DD-8046-5E47FDF5648A}
		{C6F8F788-4826-42C5-8AB0-9B854167EAAC} = {40D456B2-CC37-42DD-8046-5E47FDF5648A}
		{84DF6404-2B59-481C-B1C9-967DBFB334A1} = {40D456B2-CC37-42DD-8046-5E47FDF5648A}
		{B4B8254A-104A-4AF8-A2BA-0A1C3E159BF0} = {40D456B2-CC37-42DD-8046-5E47FDF5648A}
		{7F2148EA-3D9F-49A5-B596-B188C7B2095B} = {40D456B2-CC37-42DD-8046-5E47FDF5648A}
		{903868AE-8B50-4419-8D45-EECC573315A5} = {65EE93A0-1BE3-493C-97BE-CAC3C7484B13}
		{7A1E39A8-5FD3-432F-BB73-2E1134174032} = {65EE93A0-1BE3-493C-97BE-CAC3C7484B13}
		{D1D8314C-0B5C-4A2E-A181-C9FB6927DC7A} = {65EE93A0-1BE3-493C-97BE-CAC3C7484B13}
		{0769F68F-6E51-4FFD-8763-957C00507D54} = {65EE93A0-1BE3-493C-97BE-CAC3C7484B13}
		{8F90111B-4584-482B-9E7C-03FCA89FAEF3} = {65EE93A0-1BE3-493C-97BE-CAC3C7484B13}
		{1533F247-AC07-4F8D-BA4E-6AABBDFF3401} = {65EE93A0-1BE3-493C-97BE-CAC3C7484B13}
		{61CAD103-7FC7-44B0-8561-2CB8EDAD767E} = {65EE93A0-1BE3-493C-97BE-CAC3C7484B13}
		{CE06B3FD-713E-4876-8178-B27ECC98D063} = {65EE93A0-1BE3-493C-97BE-CAC3C7484B13}
		{70AEE842-EDED-4BF3-8346-32B1AFCAA079} = {65EE93A0-1BE3-493C-97BE-CAC3C7484B13}
		{BC79A428-8BF6-42F8-8F96-B54A76C68CAB} = {65EE93A0-1BE3-493C-97BE-CAC3C7484B13}
		{867EDDBD-8E60-4786-B135-ADD56312552F} = {F26AB6A9-CDC8-4F49-B986-0B43608F20E9}
		{9DB7BA4B-ADEB-4A35-A4AF-2A110498B345} = {F26AB6A9-CDC8-4F49-B986-0B43608F20E9}
		{CDBA2087-2AAF-4E5B-89EB-4996169CDD5F} = {F26AB6A9-CDC8-4F49-B986-0B43608F20E9}
		{51AB6560-01B8-4E06-ADB8-8DCBFD8CED1E} = {F26AB6A9-CDC8-4F49-B986-0B43608F20E9}
		{25B692E1-02AC-4DA4-8A0E-7C3FC21E05CD} = {F26AB6A9-CDC8-4F49-B986-0B43608F20E9}
		{5E488690-A7C3-4AC0-988C-F21224E98C5A} = {F26AB6A9-CDC8-4F49-B986-0B43608F20E9}
		{9D3D5173-EC62-4811-8386-BE88B6E7C24B} = {40D456B2-CC37-42DD-8046-5E47FDF5648A}
		{88ADC3BE-9582-46A9-9950-F407B97DE182} = {40D456B2-CC37-42DD-8046-5E47FDF5648A}
		{057446CE-BF26-49B5-8EED-AD75A4144AAE} = {40D456B2-CC37-42DD-8046-5E47FDF5648A}
		{9FC9D237-11A1-4B62-9B3D-69CD59E01F90} = {F26AB6A9-CDC8-4F49-B986-0B43608F20E9}
		{21206E1F-EBB9-459F-8E03-30D496D3F95C} = {F26AB6A9-CDC8-4F49-B986-0B43608F20E9}
		{D5AD6848-1B26-4528-AD38-CA75873165BE} = {F26AB6A9-CDC8-4F49-B986-0B43608F20E9}
		{7453EBB1-7FFF-49E9-9747-DCF16490B108} = {F26AB6A9-CDC8-4F49-B986-0B43608F20E9}
		{0EA904A3-098E-45EA-8DF6-9F9AF5A0AB7A} = {DCCCCEAB-CA60-4AB0-87B8-2EE39BE0137F}
		{547A47A0-F8AF-4E00-BE31-ADDE317603D0} = {DCCCCEAB-CA60-4AB0-87B8-2EE39BE0137F}
		{D132BE5A-7159-4899-B1A4-CDC56C6176AF} = {DCCCCEAB-CA60-4AB0-87B8-2EE39BE0137F}
		{019D6EDF-0DB0-4C63-9D28-342610A535D1} = {DCCCCEAB-CA60-4AB0-87B8-2EE39BE0137F}
		{F3173B1B-DEEB-452A-AB32-616161B7C15C} = {DCCCCEAB-CA60-4AB0-87B8-2EE39BE0137F}
		{C50F5F38-8F97-4915-9CEB-E7E9A3A999A2} = {DCCCCEAB-CA60-4AB0-87B8-2EE39BE0137F}
		{A7915B2B-BD03-430E-A24B-F8AF77B8C5BD} = {DCCCCEAB-CA60-4AB0-87B8-2EE39BE0137F}
		{0A35278C-6501-4F0A-A874-6AE1EFE7EAF4} = {DCCCCEAB-CA60-4AB0-87B8-2EE39BE0137F}
		{90BB134A-D1E0-4B06-94BB-93B92F91A9C4} = {DCCCCEAB-CA60-4AB0-87B8-2EE39BE0137F}
		{7F002538-296F-4329-886F-5B47EE7C093E} = {DCCCCEAB-CA60-4AB0-87B8-2EE39BE0137F}
		{DDA71AB7-0443-4622-B377-02E227B327FC} = {91D5F6D8-5D2F-4955-BC98-3BFE4EDF0AF0}
		{C88FD750-E9E5-40D1-96B0-EDF5C9B7F28C} = {91D5F6D8-5D2F-4955-BC98-3BFE4EDF0AF0}
		{3A413499-635B-455C-AF6B-5B1DE87615DD} = {91D5F6D8-5D2F-4955-BC98-3BFE4EDF0AF0}
		{F727C290-1E13-4FC4-8EB7-262A89AF3251} = {91D5F6D8-5D2F-4955-BC98-3BFE4EDF0AF0}
		{69180EC4-1DB0-4448-813E-D3C9D3E0E11B} = {91D5F6D8-5D2F-4955-BC98-3BFE4EDF0AF0}
		{67BB5BCA-7CDD-49C6-907B-A5EDA16E3472} = {91D5F6D8-5D2F-4955-BC98-3BFE4EDF0AF0}
		{0C183A06-D39F-4794-BABD-5A4901E3B286} = {91D5F6D8-5D2F-4955-BC98-3BFE4EDF0AF0}
		{A41DD53C-4ACA-44EF-9F5B-A783EAAEB928} = {91D5F6D8-5D2F-4955-BC98-3BFE4EDF0AF0}
		{09686226-888A-415B-BA5F-56D004F1986D} = {91D5F6D8-5D2F-4955-BC98-3BFE4EDF0AF0}
		{C16C7D9E-BC8A-4121-9E52-792968A69758} = {91D5F6D8-5D2F-4955-BC98-3BFE4EDF0AF0}
		{91CA01B0-FBF7-4F53-9576-F1A046CCFDD0} = {0D7F41FE-77F2-49B8-935F-BCD369CA593B}
		{32D86C36-91F2-4651-9926-058BB285D7C2} = {0D7F41FE-77F2-49B8-935F-BCD369CA593B}
		{51E67B5F-BF95-436C-BEC3-CD40B6884B22} = {0D7F41FE-77F2-49B8-935F-BCD369CA593B}
		{34169458-597B-42BB-BF7B-82D37E5D1482} = {0D7F41FE-77F2-49B8-935F-BCD369CA593B}
		{7DAEFBF4-68C3-443F-85FC-2A7BD19C2344} = {0D7F41FE-77F2-49B8-935F-BCD369CA593B}
		{8B768470-DFB0-4947-9CBC-E05054CFD7C3} = {0D7F41FE-77F2-49B8-935F-BCD369CA593B}
	EndGlobalSection
EndGlobal
