<?xml version="1.0" encoding="utf-8"?>
<Project ToolsVersion="4.0" xmlns="http://schemas.microsoft.com/developer/msbuild/2003">
  <ItemGroup>
    <ClCompile Include="Primes.cpp" />
    <ClCompile Include="BigInt.cpp" />
    <ClCompile Include="MathUtils.cpp" />
  </ItemGroup>
  <ItemGroup>
    <ClInclude Include="Primes.h" />
    <ClInclude Include="BigInt.h" />
    <ClInclude Include="MathUtils.h" />
    <ClInclude Include="TestUtils.h" />
  </ItemGroup>
</Project>